
Microsoft Visual Studio Solution File, Format Version 12.00
# Visual Studio Version 16
VisualStudioVersion = 16.0.31829.152
MinimumVisualStudioVersion = 10.0.40219.1
Project("{FAE04EC0-301F-11D3-BF4B-00C04F79EFBC}") = "Idun.StreamingApi.Examples.DedicatedProcessor", "Idun.StreamingApi.Examples.DedicatedProcessor.csproj", "{6BCE857D-111B-4E18-BDC0-8DC599D531B9}"
EndProject
Global
	GlobalSection(SolutionConfigurationPlatforms) = preSolution
		Debug|Any CPU = Debug|Any CPU
		Release|Any CPU = Release|Any CPU
	EndGlobalSection
	GlobalSection(ProjectConfigurationPlatforms) = postSolution
		{6BCE857D-111B-4E18-BDC0-8DC599D531B9}.Debug|Any CPU.ActiveCfg = Debug|Any CPU
		{6BCE857D-111B-4E18-BDC0-8DC599D531B9}.Debug|Any CPU.Build.0 = Debug|Any CPU
		{6BCE857D-111B-4E18-BDC0-8DC599D531B9}.Release|Any CPU.ActiveCfg = Release|Any CPU
		{6BCE857D-111B-4E18-BDC0-8DC599D531B9}.Release|Any CPU.Build.0 = Release|Any CPU
	EndGlobalSection
	GlobalSection(SolutionProperties) = preSolution
		HideSolutionNode = FALSE
	EndGlobalSection
	GlobalSection(ExtensibilityGlobals) = postSolution
		SolutionGuid = {EC3D2FA4-16B5-44DC-82B5-3E3B1CF304A2}
	EndGlobalSection
EndGlobal
