
Microsoft Visual Studio Solution File, Format Version 12.00
# Visual Studio Version 16
VisualStudioVersion = 16.0.31410.357
MinimumVisualStudioVersion = 10.0.40219.1
Project("{FAE04EC0-301F-11D3-BF4B-00C04F79EFBC}") = "B2cClientCredentialFlow", "B2cClientCredentialFlow.csproj", "{6606E9B1-9F42-41F6-BFFE-B1E9F01D2BD4}"
EndProject
Global
	GlobalSection(SolutionConfigurationPlatforms) = preSolution
		Debug|Any CPU = Debug|Any CPU
		Release|Any CPU = Release|Any CPU
	EndGlobalSection
	GlobalSection(ProjectConfigurationPlatforms) = postSolution
		{6606E9B1-9F42-41F6-BFFE-B1E9F01D2BD4}.Debug|Any CPU.ActiveCfg = Debug|Any CPU
		{6606E9B1-9F42-41F6-BFFE-B1E9F01D2BD4}.Debug|Any CPU.Build.0 = Debug|Any CPU
		{6606E9B1-9F42-41F6-BFFE-B1E9F01D2BD4}.Release|Any CPU.ActiveCfg = Release|Any CPU
		{6606E9B1-9F42-41F6-BFFE-B1E9F01D2BD4}.Release|Any CPU.Build.0 = Release|Any CPU
	EndGlobalSection
	GlobalSection(SolutionProperties) = preSolution
		HideSolutionNode = FALSE
	EndGlobalSection
	GlobalSection(ExtensibilityGlobals) = postSolution
		SolutionGuid = {6F7B65ED-EB09-4A53-88D8-9E2CBAC51FD0}
	EndGlobalSection
EndGlobal
